
Microsoft Visual Studio Solution File, Format Version 12.00
# Visual Studio Version 17
VisualStudioVersion = 17.4.33110.190
MinimumVisualStudioVersion = 10.0.40219.1
Project("{FAE04EC0-301F-11D3-BF4B-00C04F79EFBC}") = "PH_ContosoPizza", "PH_ContosoPizza\PH_ContosoPizza.csproj", "{02E0B8A9-37A6-426E-90C8-B9F5E95275FE}"
EndProject
Global
	GlobalSection(SolutionConfigurationPlatforms) = preSolution
		Debug|Any CPU = Debug|Any CPU
		Release|Any CPU = Release|Any CPU
	EndGlobalSection
	GlobalSection(ProjectConfigurationPlatforms) = postSolution
		{02E0B8A9-37A6-426E-90C8-B9F5E95275FE}.Debug|Any CPU.ActiveCfg = Debug|Any CPU
		{02E0B8A9-37A6-426E-90C8-B9F5E95275FE}.Debug|Any CPU.Build.0 = Debug|Any CPU
		{02E0B8A9-37A6-426E-90C8-B9F5E95275FE}.Release|Any CPU.ActiveCfg = Release|Any CPU
		{02E0B8A9-37A6-426E-90C8-B9F5E95275FE}.Release|Any CPU.Build.0 = Release|Any CPU
	EndGlobalSection
	GlobalSection(SolutionProperties) = preSolution
		HideSolutionNode = FALSE
	EndGlobalSection
	GlobalSection(ExtensibilityGlobals) = postSolution
		SolutionGuid = {491EB7F6-1F7D-4543-99E3-77728A6AE1D9}
	EndGlobalSection
EndGlobal
